github.com/corentings/chess/v2 v2.5.1 h1:Ps7jIixhfJrhlQnRX5+qjnY/bKxZZjR7DXxiXfd8Uh0=
github.com/corentings/chess/v2 v2.5.1/go.mod h1:UPFmUPTLiJN9qOux6aNt+NwEPuyId0+REsKMmmtYXpU=
golang.org/x/sync v0.21.0 h1:HLII4xRRTtCRkxYp4HNFF0Js/Og6q2i++KXbg0gHCwM=
golang.org/x/sync v0.21.0/go.mod h1:9xrNwdLfx4jkKbNva9FpL6vEN7evnE43NNNJQ2LF3+0=
